
Microsoft Visual Studio Solution File, Format Version 12.00
# Visual Studio 15
VisualStudioVersion = 15.0.28307.572
MinimumVisualStudioVersion = 10.0.40219.1
Project("{FAE04EC0-301F-11D3-BF4B-00C04F79EFBC}") = "DiabetesApi", "DiabetesApi\DiabetesApi.csproj", "{9C753F2E-9FE3-4C77-B55E-4BD270F34F36}"
EndProject
Global
	GlobalSection(SolutionConfigurationPlatforms) = preSolution
		Debug|Any CPU = Debug|Any CPU
		Release|Any CPU = Release|Any CPU
	EndGlobalSection
	GlobalSection(ProjectConfigurationPlatforms) = postSolution
		{9C753F2E-9FE3-4C77-B55E-4BD270F34F36}.Debug|Any CPU.ActiveCfg = Debug|Any CPU
		{9C753F2E-9FE3-4C77-B55E-4BD270F34F36}.Debug|Any CPU.Build.0 = Debug|Any CPU
		{9C753F2E-9FE3-4C77-B55E-4BD270F34F36}.Release|Any CPU.ActiveCfg = Release|Any CPU
		{9C753F2E-9FE3-4C77-B55E-4BD270F34F36}.Release|Any CPU.Build.0 = Release|Any CPU
	EndGlobalSection
	GlobalSection(SolutionProperties) = preSolution
		HideSolutionNode = FALSE
	EndGlobalSection
	GlobalSection(ExtensibilityGlobals) = postSolution
		SolutionGuid = {B5BB9B2D-15F5-4E5F-8652-A07DC20D3ABC}
	EndGlobalSection
EndGlobal
